
Microsoft Visual Studio Solution File, Format Version 12.00
# Visual Studio 2015
Project("{FAE04EC0-301F-11D3-BF4B-00C04F79EFBC}") = "Text Wars.CSharp", "Text Wars.CSharp.csproj", "{70F886B1-CB84-737F-19D2-EE1E9A9263EA}"
EndProject
Project("{FAE04EC0-301F-11D3-BF4B-00C04F79EFBC}") = "Text Wars.CSharp.Editor", "Text Wars.CSharp.Editor.csproj", "{D9DC192F-C1EF-D0A8-4A3C-38F484684D82}"
EndProject
Global
	GlobalSection(SolutionConfigurationPlatforms) = preSolution
		Debug|Any CPU = Debug|Any CPU
		Release|Any CPU = Release|Any CPU
	EndGlobalSection
	GlobalSection(ProjectConfigurationPlatforms) = postSolution
		{70F886B1-CB84-737F-19D2-EE1E9A9263EA}.Debug|Any CPU.ActiveCfg = Debug|Any CPU
		{70F886B1-CB84-737F-19D2-EE1E9A9263EA}.Debug|Any CPU.Build.0 = Debug|Any CPU
		{70F886B1-CB84-737F-19D2-EE1E9A9263EA}.Release|Any CPU.ActiveCfg = Release|Any CPU
		{70F886B1-CB84-737F-19D2-EE1E9A9263EA}.Release|Any CPU.Build.0 = Release|Any CPU
		{D9DC192F-C1EF-D0A8-4A3C-38F484684D82}.Debug|Any CPU.ActiveCfg = Debug|Any CPU
		{D9DC192F-C1EF-D0A8-4A3C-38F484684D82}.Debug|Any CPU.Build.0 = Debug|Any CPU
		{D9DC192F-C1EF-D0A8-4A3C-38F484684D82}.Release|Any CPU.ActiveCfg = Release|Any CPU
		{D9DC192F-C1EF-D0A8-4A3C-38F484684D82}.Release|Any CPU.Build.0 = Release|Any CPU
	EndGlobalSection
	GlobalSection(SolutionProperties) = preSolution
		HideSolutionNode = FALSE
	EndGlobalSection
EndGlobal
